// !$*UTF8*$!
{
	archiveVersion = 1;
	classes = {
	};
	objectVersion = 56;
	objects = {

/* Begin PBXBuildFile section */
		22586A4928F0A0D00053D1BD /* AppDelegate.swift in Sources */ = {isa = PBXBuildFile; fileRef = 22586A4828F0A0D00053D1BD /* AppDelegate.swift */; };
		22586A4B28F0A0D00053D1BD /* SceneDelegate.swift in Sources */ = {isa = PBXBuildFile; fileRef = 22586A4A28F0A0D00053D1BD /* SceneDelegate.swift */; };
		22586A4D28F0A0D00053D1BD /* ViewController.swift in Sources */ = {isa = PBXBuildFile; fileRef = 22586A4C28F0A0D00053D1BD /* ViewController.swift */; };
		22586A5028F0A0D00053D1BD /* Main.storyboard in Resources */ = {isa = PBXBuildFile; fileRef = 22586A4E28F0A0D00053D1BD /* Main.storyboard */; };
		22586A5228F0A0D20053D1BD /* Assets.xcassets in Resources */ = {isa = PBXBuildFile; fileRef = 22586A5128F0A0D20053D1BD /* Assets.xcassets */; };
		22586A5528F0A0D20053D1BD /* LaunchScreen.storyboard in Resources */ = {isa = PBXBuildFile; fileRef = 22586A5328F0A0D20053D1BD /* LaunchScreen.storyboard */; };
		22586A6028F0A0D20053D1BD /* pruebaSDUITests.swift in Sources */ = {isa = PBXBuildFile; fileRef = 22586A5F28F0A0D20053D1BD /* pruebaSDUITests.swift */; };
		22586A6A28F0A0D20053D1BD /* pruebaSDUIUITests.swift in Sources */ = {isa = PBXBuildFile; fileRef = 22586A6928F0A0D20053D1BD /* pruebaSDUIUITests.swift */; };
		22586A6C28F0A0D20053D1BD /* pruebaSDUIUITestsLaunchTests.swift in Sources */ = {isa = PBXBuildFile; fileRef = 22586A6B28F0A0D20053D1BD /* pruebaSDUIUITestsLaunchTests.swift */; };
/* End PBXBuildFile section */

/* Begin PBXContainerItemProxy section */
		22586A5C28F0A0D20053D1BD /* PBXContainerItemProxy */ = {
			isa = PBXContainerItemProxy;
			containerPortal = 22586A3D28F0A0CF0053D1BD /* Project object */;
			proxyType = 1;
			remoteGlobalIDString = 22586A4428F0A0D00053D1BD;
			remoteInfo = pruebaSDUI;
		};
		22586A6628F0A0D20053D1BD /* PBXContainerItemProxy */ = {
			isa = PBXContainerItemProxy;
			containerPortal = 22586A3D28F0A0CF0053D1BD /* Project object */;
			proxyType = 1;
			remoteGlobalIDString = 22586A4428F0A0D00053D1BD;
			remoteInfo = pruebaSDUI;
		};
/* End PBXContainerItemProxy section */

/* Begin PBXFileReference section */
		22586A4528F0A0D00053D1BD /* pruebaSDUI.app */ = {isa = PBXFileReference; explicitFileType = wrapper.application; includeInIndex = 0; path = pruebaSDUI.app; sourceTree = BUILT_PRODUCTS_DIR; };
		22586A4828F0A0D00053D1BD /* AppDelegate.swift */ = {isa = PBXFileReference; lastKnownFileType = sourcecode.swift; path = AppDelegate.swift; sourceTree = "<group>"; };
		22586A4A28F0A0D00053D1BD /* SceneDelegate.swift */ = {isa = PBXFileReference; lastKnownFileType = sourcecode.swift; path = SceneDelegate.swift; sourceTree = "<group>"; };
		22586A4C28F0A0D00053D1BD /* ViewController.swift */ = {isa = PBXFileReference; lastKnownFileType = sourcecode.swift; path = ViewController.swift; sourceTree = "<group>"; };
		22586A4F28F0A0D00053D1BD /* Base */ = {isa = PBXFileReference; lastKnownFileType = file.storyboard; name = Base; path = Base.lproj/Main.storyboard; sourceTree = "<group>"; };
		22586A5128F0A0D20053D1BD /* Assets.xcassets */ = {isa = PBXFileReference; lastKnownFileType = folder.assetcatalog; path = Assets.xcassets; sourceTree = "<group>"; };
		22586A5428F0A0D20053D1BD /* Base */ = {isa = PBXFileReference; lastKnownFileType = file.storyboard; name = Base; path = Base.lproj/LaunchScreen.storyboard; sourceTree = "<group>"; };
		22586A5628F0A0D20053D1BD /* Info.plist */ = {isa = PBXFileReference; lastKnownFileType = text.plist.xml; path = Info.plist; sourceTree = "<group>"; };
		22586A5B28F0A0D20053D1BD /* pruebaSDUITests.xctest */ = {isa = PBXFileReference; explicitFileType = wrapper.cfbundle; includeInIndex = 0; path = pruebaSDUITests.xctest; sourceTree = BUILT_PRODUCTS_DIR; };
		22586A5F28F0A0D20053D1BD /* pruebaSDUITests.swift */ = {isa = PBXFileReference; lastKnownFileType = sourcecode.swift; path = pruebaSDUITests.swift; sourceTree = "<group>"; };
		22586A6528F0A0D20053D1BD /* pruebaSDUIUITests.xctest */ = {isa = PBXFileReference; explicitFileType = wrapper.cfbundle; includeInIndex = 0; path = pruebaSDUIUITests.xctest; sourceTree = BUILT_PRODUCTS_DIR; };
		22586A6928F0A0D20053D1BD /* pruebaSDUIUITests.swift */ = {isa = PBXFileReference; lastKnownFileType = sourcecode.swift; path = pruebaSDUIUITests.swift; sourceTree = "<group>"; };
		22586A6B28F0A0D20053D1BD /* pruebaSDUIUITestsLaunchTests.swift */ = {isa = PBXFileReference; lastKnownFileType = sourcecode.swift; path = pruebaSDUIUITestsLaunchTests.swift; sourceTree = "<group>"; };
/* End PBXFileReference section */

/* Begin PBXFrameworksBuildPhase section */
		22586A4228F0A0D00053D1BD /* Frameworks */ = {
			isa = PBXFrameworksBuildPhase;
			buildActionMask = 2147483647;
			files = (
			);
			runOnlyForDeploymentPostprocessing = 0;
		};
		22586A5828F0A0D20053D1BD /* Frameworks */ = {
			isa = PBXFrameworksBuildPhase;
			buildActionMask = 2147483647;
			files = (
			);
			runOnlyForDeploymentPostprocessing = 0;
		};
		22586A6228F0A0D20053D1BD /* Frameworks */ = {
			isa = PBXFrameworksBuildPhase;
			buildActionMask = 2147483647;
			files = (
			);
			runOnlyForDeploymentPostprocessing = 0;
		};
/* End PBXFrameworksBuildPhase section */

/* Begin PBXGroup section */
		22586A3C28F0A0CF0053D1BD = {
			isa = PBXGroup;
			children = (
				22586A4728F0A0D00053D1BD /* pruebaSDUI */,
				22586A5E28F0A0D20053D1BD /* pruebaSDUITests */,
				22586A6828F0A0D20053D1BD /* pruebaSDUIUITests */,
				22586A4628F0A0D00053D1BD /* Products */,
			);
			sourceTree = "<group>";
		};
		22586A4628F0A0D00053D1BD /* Products */ = {
			isa = PBXGroup;
			children = (
				22586A4528F0A0D00053D1BD /* pruebaSDUI.app */,
				22586A5B28F0A0D20053D1BD /* pruebaSDUITests.xctest */,
				22586A6528F0A0D20053D1BD /* pruebaSDUIUITests.xctest */,
			);
			name = Products;
			sourceTree = "<group>";
		};
		22586A4728F0A0D00053D1BD /* pruebaSDUI */ = {
			isa = PBXGroup;
			children = (
				22586A4828F0A0D00053D1BD /* AppDelegate.swift */,
				22586A4A28F0A0D00053D1BD /* SceneDelegate.swift */,
				22586A4C28F0A0D00053D1BD /* ViewController.swift */,
				22586A4E28F0A0D00053D1BD /* Main.storyboard */,
				22586A5128F0A0D20053D1BD /* Assets.xcassets */,
				22586A5328F0A0D20053D1BD /* LaunchScreen.storyboard */,
				22586A5628F0A0D20053D1BD /* Info.plist */,
			);
			path = pruebaSDUI;
			sourceTree = "<group>";
		};
		22586A5E28F0A0D20053D1BD /* pruebaSDUITests */ = {
			isa = PBXGroup;
			children = (
				22586A5F28F0A0D20053D1BD /* pruebaSDUITests.swift */,
			);
			path = pruebaSDUITests;
			sourceTree = "<group>";
		};
		22586A6828F0A0D20053D1BD /* pruebaSDUIUITests */ = {
			isa = PBXGroup;
			children = (
				22586A6928F0A0D20053D1BD /* pruebaSDUIUITests.swift */,
				22586A6B28F0A0D20053D1BD /* pruebaSDUIUITestsLaunchTests.swift */,
			);
			path = pruebaSDUIUITests;
			sourceTree = "<group>";
		};
/* End PBXGroup section */

/* Begin PBXNativeTarget section */
		22586A4428F0A0D00053D1BD /* pruebaSDUI */ = {
			isa = PBXNativeTarget;
			buildConfigurationList = 22586A6F28F0A0D20053D1BD /* Build configuration list for PBXNativeTarget "pruebaSDUI" */;
			buildPhases = (
				22586A4128F0A0D00053D1BD /* Sources */,
				22586A4228F0A0D00053D1BD /* Frameworks */,
				22586A4328F0A0D00053D1BD /* Resources */,
			);
			buildRules = (
			);
			dependencies = (
			);
			name = pruebaSDUI;
			productName = pruebaSDUI;
			productReference = 22586A4528F0A0D00053D1BD /* pruebaSDUI.app */;
			productType = "com.apple.product-type.application";
		};
		22586A5A28F0A0D20053D1BD /* pruebaSDUITests */ = {
			isa = PBXNativeTarget;
			buildConfigurationList = 22586A7228F0A0D20053D1BD /* Build configuration list for PBXNativeTarget "pruebaSDUITests" */;
			buildPhases = (
				22586A5728F0A0D20053D1BD /* Sources */,
				22586A5828F0A0D20053D1BD /* Frameworks */,
				22586A5928F0A0D20053D1BD /* Resources */,
			);
			buildRules = (
			);
			dependencies = (
				22586A5D28F0A0D20053D1BD /* PBXTargetDependency */,
			);
			name = pruebaSDUITests;
			productName = pruebaSDUITests;
			productReference = 22586A5B28F0A0D20053D1BD /* pruebaSDUITests.xctest */;
			productType = "com.apple.product-type.bundle.unit-test";
		};
		22586A6428F0A0D20053D1BD /* pruebaSDUIUITests */ = {
			isa = PBXNativeTarget;
			buildConfigurationList = 22586A7528F0A0D20053D1BD /* Build configuration list for PBXNativeTarget "pruebaSDUIUITests" */;
			buildPhases = (
				22586A6128F0A0D20053D1BD /* Sources */,
				22586A6228F0A0D20053D1BD /* Frameworks */,
				22586A6328F0A0D20053D1BD /* Resources */,
			);
			buildRules = (
			);
			dependencies = (
				22586A6728F0A0D20053D1BD /* PBXTargetDependency */,
			);
			name = pruebaSDUIUITests;
			productName = pruebaSDUIUITests;
			productReference = 22586A6528F0A0D20053D1BD /* pruebaSDUIUITests.xctest */;
			productType = "com.apple.product-type.bundle.ui-testing";
		};
/* End PBXNativeTarget section */

/* Begin PBXProject section */
		22586A3D28F0A0CF0053D1BD /* Project object */ = {
			isa = PBXProject;
			attributes = {
				BuildIndependentTargetsInParallel = 1;
				LastSwiftUpdateCheck = 1400;
				LastUpgradeCheck = 1400;
				TargetAttributes = {
					22586A4428F0A0D00053D1BD = {
						CreatedOnToolsVersion = 14.0;
					};
					22586A5A28F0A0D20053D1BD = {
						CreatedOnToolsVersion = 14.0;
						TestTargetID = 22586A4428F0A0D00053D1BD;
					};
					22586A6428F0A0D20053D1BD = {
						CreatedOnToolsVersion = 14.0;
						TestTargetID = 22586A4428F0A0D00053D1BD;
					};
				};
			};
			buildConfigurationList = 22586A4028F0A0CF0053D1BD /* Build configuration list for PBXProject "pruebaSDUI" */;
			compatibilityVersion = "Xcode 14.0";
			developmentRegion = en;
			hasScannedForEncodings = 0;
			knownRegions = (
				en,
				Base,
			);
			mainGroup = 22586A3C28F0A0CF0053D1BD;
			productRefGroup = 22586A4628F0A0D00053D1BD /* Products */;
			projectDirPath = "";
			projectRoot = "";
			targets = (
				22586A4428F0A0D00053D1BD /* pruebaSDUI */,
				22586A5A28F0A0D20053D1BD /* pruebaSDUITests */,
				22586A6428F0A0D20053D1BD /* pruebaSDUIUITests */,
			);
		};
/* End PBXProject section */

/* Begin PBXResourcesBuildPhase section */
		22586A4328F0A0D00053D1BD /* Resources */ = {
			isa = PBXResourcesBuildPhase;
			buildActionMask = 2147483647;
			files = (
				22586A5528F0A0D20053D1BD /* LaunchScreen.storyboard in Resources */,
				22586A5228F0A0D20053D1BD /* Assets.xcassets in Resources */,
				22586A5028F0A0D00053D1BD /* Main.storyboard in Resources */,
			);
			runOnlyForDeploymentPostprocessing = 0;
		};
		22586A5928F0A0D20053D1BD /* Resources */ = {
			isa = PBXResourcesBuildPhase;
			buildActionMask = 2147483647;
			files = (
			);
			runOnlyForDeploymentPostprocessing = 0;
		};
		22586A6328F0A0D20053D1BD /* Resources */ = {
			isa = PBXResourcesBuildPhase;
			buildActionMask = 2147483647;
			files = (
			);
			runOnlyForDeploymentPostprocessing = 0;
		};
/* End PBXResourcesBuildPhase section */

/* Begin PBXSourcesBuildPhase section */
		22586A4128F0A0D00053D1BD /* Sources */ = {
			isa = PBXSourcesBuildPhase;
			buildActionMask = 2147483647;
			files = (
				22586A4D28F0A0D00053D1BD /* ViewController.swift in Sources */,
				22586A4928F0A0D00053D1BD /* AppDelegate.swift in Sources */,
				22586A4B28F0A0D00053D1BD /* SceneDelegate.swift in Sources */,
			);
			runOnlyForDeploymentPostprocessing = 0;
		};
		22586A5728F0A0D20053D1BD /* Sources */ = {
			isa = PBXSourcesBuildPhase;
			buildActionMask = 2147483647;
			files = (
				22586A6028F0A0D20053D1BD /* pruebaSDUITests.swift in Sources */,
			);
			runOnlyForDeploymentPostprocessing = 0;
		};
		22586A6128F0A0D20053D1BD /* Sources */ = {
			isa = PBXSourcesBuildPhase;
			buildActionMask = 2147483647;
			files = (
				22586A6C28F0A0D20053D1BD /* pruebaSDUIUITestsLaunchTests.swift in Sources */,
				22586A6A28F0A0D20053D1BD /* pruebaSDUIUITests.swift in Sources */,
			);
			runOnlyForDeploymentPostprocessing = 0;
		};
/* End PBXSourcesBuildPhase section */

/* Begin PBXTargetDependency section */
		22586A5D28F0A0D20053D1BD /* PBXTargetDependency */ = {
			isa = PBXTargetDependency;
			target = 22586A4428F0A0D00053D1BD /* pruebaSDUI */;
			targetProxy = 22586A5C28F0A0D20053D1BD /* PBXContainerItemProxy */;
		};
		22586A6728F0A0D20053D1BD /* PBXTargetDependency */ = {
			isa = PBXTargetDependency;
			target = 22586A4428F0A0D00053D1BD /* pruebaSDUI */;
			targetProxy = 22586A6628F0A0D20053D1BD /* PBXContainerItemProxy */;
		};
/* End PBXTargetDependency section */

/* Begin PBXVariantGroup section */
		22586A4E28F0A0D00053D1BD /* Main.storyboard */ = {
			isa = PBXVariantGroup;
			children = (
				22586A4F28F0A0D00053D1BD /* Base */,
			);
			name = Main.storyboard;
			sourceTree = "<group>";
		};
		22586A5328F0A0D20053D1BD /* LaunchScreen.storyboard */ = {
			isa = PBXVariantGroup;
			children = (
				22586A5428F0A0D20053D1BD /* Base */,
			);
			name = LaunchScreen.storyboard;
			sourceTree = "<group>";
		};
/* End PBXVariantGroup section */

/* Begin XCBuildConfiguration section */
		22586A6D28F0A0D20053D1BD /* Debug */ = {
			isa = XCBuildConfiguration;
			buildSettings = {
				ALWAYS_SEARCH_USER_PATHS = NO;
				CLANG_ANALYZER_NONNULL = YES;
				CLANG_ANALYZER_NUMBER_OBJECT_CONVERSION = YES_AGGRESSIVE;
				CLANG_CXX_LANGUAGE_STANDARD = "gnu++20";
				CLANG_ENABLE_MODULES = YES;
				CLANG_ENABLE_OBJC_ARC = YES;
				CLANG_ENABLE_OBJC_WEAK = YES;
				CLANG_WARN_BLOCK_CAPTURE_AUTORELEASING = YES;
				CLANG_WARN_BOOL_CONVERSION = YES;
				CLANG_WARN_COMMA = YES;
				CLANG_WARN_CONSTANT_CONVERSION = YES;
				CLANG_WARN_DEPRECATED_OBJC_IMPLEMENTATIONS = YES;
				CLANG_WARN_DIRECT_OBJC_ISA_USAGE = YES_ERROR;
				CLANG_WARN_DOCUMENTATION_COMMENTS = YES;
				CLANG_WARN_EMPTY_BODY = YES;
				CLANG_WARN_ENUM_CONVERSION = YES;
				CLANG_WARN_INFINITE_RECURSION = YES;
				CLANG_WARN_INT_CONVERSION = YES;
				CLANG_WARN_NON_LITERAL_NULL_CONVERSION = YES;
				CLANG_WARN_OBJC_IMPLICIT_RETAIN_SELF = YES;
				CLANG_WARN_OBJC_LITERAL_CONVERSION = YES;
				CLANG_WARN_OBJC_ROOT_CLASS = YES_ERROR;
				CLANG_WARN_QUOTED_INCLUDE_IN_FRAMEWORK_HEADER = YES;
				CLANG_WARN_RANGE_LOOP_ANALYSIS = YES;
				CLANG_WARN_STRICT_PROTOTYPES = YES;
				CLANG_WARN_SUSPICIOUS_MOVE = YES;
				CLANG_WARN_UNGUARDED_AVAILABILITY = YES_AGGRESSIVE;
				CLANG_WARN_UNREACHABLE_CODE = YES;
				CLANG_WARN__DUPLICATE_METHOD_MATCH = YES;
				COPY_PHASE_STRIP = NO;
				DEBUG_INFORMATION_FORMAT = dwarf;
				ENABLE_STRICT_OBJC_MSGSEND = YES;
				ENABLE_TESTABILITY = YES;
				GCC_C_LANGUAGE_STANDARD = gnu11;
				GCC_DYNAMIC_NO_PIC = NO;
				GCC_NO_COMMON_BLOCKS = YES;
				GCC_OPTIMIZATION_LEVEL = 0;
				GCC_PREPROCESSOR_DEFINITIONS = (
					"DEBUG=1",
					"$(inherited)",
				);
				GCC_WARN_64_TO_32_BIT_CONVERSION = YES;
				GCC_WARN_ABOUT_RETURN_TYPE = YES_ERROR;
				GCC_WARN_UNDECLARED_SELECTOR = YES;
				GCC_WARN_UNINITIALIZED_AUTOS = YES_AGGRESSIVE;
				GCC_WARN_UNUSED_FUNCTION = YES;
				GCC_WARN_UNUSED_VARIABLE = YES;
				IPHONEOS_DEPLOYMENT_TARGET = 16.0;
				MTL_ENABLE_DEBUG_INFO = INCLUDE_SOURCE;
				MTL_FAST_MATH = YES;
				ONLY_ACTIVE_ARCH = YES;
				SDKROOT = iphoneos;
				SWIFT_ACTIVE_COMPILATION_CONDITIONS = DEBUG;
				SWIFT_OPTIMIZATION_LEVEL = "-Onone";
			};
			name = Debug;
		};
		22586A6E28F0A0D20053D1BD /* Release */ = {
			isa = XCBuildConfiguration;
			buildSettings = {
				ALWAYS_SEARCH_USER_PATHS = NO;
				CLANG_ANALYZER_NONNULL = YES;
				CLANG_ANALYZER_NUMBER_OBJECT_CONVERSION = YES_AGGRESSIVE;
				CLANG_CXX_LANGUAGE_STANDARD = "gnu++20";
				CLANG_ENABLE_MODULES = YES;
				CLANG_ENABLE_OBJC_ARC = YES;
				CLANG_ENABLE_OBJC_WEAK = YES;
				CLANG_WARN_BLOCK_CAPTURE_AUTORELEASING = YES;
				CLANG_WARN_BOOL_CONVERSION = YES;
				CLANG_WARN_COMMA = YES;
				CLANG_WARN_CONSTANT_CONVERSION = YES;
				CLANG_WARN_DEPRECATED_OBJC_IMPLEMENTATIONS = YES;
				CLANG_WARN_DIRECT_OBJC_ISA_USAGE = YES_ERROR;
				CLANG_WARN_DOCUMENTATION_COMMENTS = YES;
				CLANG_WARN_EMPTY_BODY = YES;
				CLANG_WARN_ENUM_CONVERSION = YES;
				CLANG_WARN_INFINITE_RECURSION = YES;
				CLANG_WARN_INT_CONVERSION = YES;
				CLANG_WARN_NON_LITERAL_NULL_CONVERSION = YES;
				CLANG_WARN_OBJC_IMPLICIT_RETAIN_SELF = YES;
				CLANG_WARN_OBJC_LITERAL_CONVERSION = YES;
				CLANG_WARN_OBJC_ROOT_CLASS = YES_ERROR;
				CLANG_WARN_QUOTED_INCLUDE_IN_FRAMEWORK_HEADER = YES;
				CLANG_WARN_RANGE_LOOP_ANALYSIS = YES;
				CLANG_WARN_STRICT_PROTOTYPES = YES;
				CLANG_WARN_SUSPICIOUS_MOVE = YES;
				CLANG_WARN_UNGUARDED_AVAILABILITY = YES_AGGRESSIVE;
				CLANG_WARN_UNREACHABLE_CODE = YES;
				CLANG_WARN__DUPLICATE_METHOD_MATCH = YES;
				COPY_PHASE_STRIP = NO;
				DEBUG_INFORMATION_FORMAT = "dwarf-with-dsym";
				ENABLE_NS_ASSERTIONS = NO;
				ENABLE_STRICT_OBJC_MSGSEND = YES;
				GCC_C_LANGUAGE_STANDARD = gnu11;
				GCC_NO_COMMON_BLOCKS = YES;
				GCC_WARN_64_TO_32_BIT_CONVERSION = YES;
				GCC_WARN_ABOUT_RETURN_TYPE = YES_ERROR;
				GCC_WARN_UNDECLARED_SELECTOR = YES;
				GCC_WARN_UNINITIALIZED_AUTOS = YES_AGGRESSIVE;
				GCC_WARN_UNUSED_FUNCTION = YES;
				GCC_WARN_UNUSED_VARIABLE = YES;
				IPHONEOS_DEPLOYMENT_TARGET = 16.0;
				MTL_ENABLE_DEBUG_INFO = NO;
				MTL_FAST_MATH = YES;
				SDKROOT = iphoneos;
				SWIFT_COMPILATION_MODE = wholemodule;
				SWIFT_OPTIMIZATION_LEVEL = "-O";
				VALIDATE_PRODUCT = YES;
			};
			name = Release;
		};
		22586A7028F0A0D20053D1BD /* Debug */ = {
			isa = XCBuildConfiguration;
			buildSettings = {
				ASSETCATALOG_COMPILER_APPICON_NAME = AppIcon;
				ASSETCATALOG_COMPILER_GLOBAL_ACCENT_COLOR_NAME = AccentColor;
				CODE_SIGN_STYLE = Automatic;
				CURRENT_PROJECT_VERSION = 1;
				GENERATE_INFOPLIST_FILE = YES;
				INFOPLIST_FILE = pruebaSDUI/Info.plist;
				INFOPLIST_KEY_UIApplicationSupportsIndirectInputEvents = YES;
				INFOPLIST_KEY_UILaunchStoryboardName = LaunchScreen;
				INFOPLIST_KEY_UIMainStoryboardFile = Main;
				INFOPLIST_KEY_UISupportedInterfaceOrientations_iPad = "UIInterfaceOrientationPortrait UIInterfaceOrientationPortraitUpsideDown UIInterfaceOrientationLandscapeLeft UIInterfaceOrientationLandscapeRight";
				INFOPLIST_KEY_UISupportedInterfaceOrientations_iPhone = "UIInterfaceOrientationPortrait UIInterfaceOrientationLandscapeLeft UIInterfaceOrientationLandscapeRight";
				LD_RUNPATH_SEARCH_PATHS = (
					"$(inherited)",
					"@executable_path/Frameworks",
				);
				MARKETING_VERSION = 1.0;
				PRODUCT_BUNDLE_IDENTIFIER = Mobdev.pruebaSDUI;
				PRODUCT_NAME = "$(TARGET_NAME)";
				SWIFT_EMIT_LOC_STRINGS = YES;
				SWIFT_VERSION = 5.0;
				TARGETED_DEVICE_FAMILY = "1,2";
			};
			name = Debug;
		};
		22586A7128F0A0D20053D1BD /* Release */ = {
			isa = XCBuildConfiguration;
			buildSettings = {
				ASSETCATALOG_COMPILER_APPICON_NAME = AppIcon;
				ASSETCATALOG_COMPILER_GLOBAL_ACCENT_COLOR_NAME = AccentColor;
				CODE_SIGN_STYLE = Automatic;
				CURRENT_PROJECT_VERSION = 1;
				GENERATE_INFOPLIST_FILE = YES;
				INFOPLIST_FILE = pruebaSDUI/Info.plist;
				INFOPLIST_KEY_UIApplicationSupportsIndirectInputEvents = YES;
				INFOPLIST_KEY_UILaunchStoryboardName = LaunchScreen;
				INFOPLIST_KEY_UIMainStoryboardFile = Main;
				INFOPLIST_KEY_UISupportedInterfaceOrientations_iPad = "UIInterfaceOrientationPortrait UIInterfaceOrientationPortraitUpsideDown UIInterfaceOrientationLandscapeLeft UIInterfaceOrientationLandscapeRight";
				INFOPLIST_KEY_UISupportedInterfaceOrientations_iPhone = "UIInterfaceOrientationPortrait UIInterfaceOrientationLandscapeLeft UIInterfaceOrientationLandscapeRight";
				LD_RUNPATH_SEARCH_PATHS = (
					"$(inherited)",
					"@executable_path/Frameworks",
				);
				MARKETING_VERSION = 1.0;
				PRODUCT_BUNDLE_IDENTIFIER = Mobdev.pruebaSDUI;
				PRODUCT_NAME = "$(TARGET_NAME)";
				SWIFT_EMIT_LOC_STRINGS = YES;
				SWIFT_VERSION = 5.0;
				TARGETED_DEVICE_FAMILY = "1,2";
			};
			name = Release;
		};
		22586A7328F0A0D20053D1BD /* Debug */ = {
			isa = XCBuildConfiguration;
			buildSettings = {
				ALWAYS_EMBED_SWIFT_STANDARD_LIBRARIES = YES;
				BUNDLE_LOADER = "$(TEST_HOST)";
				CODE_SIGN_STYLE = Automatic;
				CURRENT_PROJECT_VERSION = 1;
				GENERATE_INFOPLIST_FILE = YES;
				IPHONEOS_DEPLOYMENT_TARGET = 16.0;
				MARKETING_VERSION = 1.0;
				PRODUCT_BUNDLE_IDENTIFIER = Mobdev.pruebaSDUITests;
				PRODUCT_NAME = "$(TARGET_NAME)";
				SWIFT_EMIT_LOC_STRINGS = NO;
				SWIFT_VERSION = 5.0;
				TARGETED_DEVICE_FAMILY = "1,2";
				TEST_HOST = "$(BUILT_PRODUCTS_DIR)/pruebaSDUI.app/$(BUNDLE_EXECUTABLE_FOLDER_PATH)/pruebaSDUI";
			};
			name = Debug;
		};
		22586A7428F0A0D20053D1BD /* Release */ = {
			isa = XCBuildConfiguration;
			buildSettings = {
				ALWAYS_EMBED_SWIFT_STANDARD_LIBRARIES = YES;
				BUNDLE_LOADER = "$(TEST_HOST)";
				CODE_SIGN_STYLE = Automatic;
				CURRENT_PROJECT_VERSION = 1;
				GENERATE_INFOPLIST_FILE = YES;
				IPHONEOS_DEPLOYMENT_TARGET = 16.0;
				MARKETING_VERSION = 1.0;
				PRODUCT_BUNDLE_IDENTIFIER = Mobdev.pruebaSDUITests;
				PRODUCT_NAME = "$(TARGET_NAME)";
				SWIFT_EMIT_LOC_STRINGS = NO;
				SWIFT_VERSION = 5.0;
				TARGETED_DEVICE_FAMILY = "1,2";
				TEST_HOST = "$(BUILT_PRODUCTS_DIR)/pruebaSDUI.app/$(BUNDLE_EXECUTABLE_FOLDER_PATH)/pruebaSDUI";
			};
			name = Release;
		};
		22586A7628F0A0D20053D1BD /* Debug */ = {
			isa = XCBuildConfiguration;
			buildSettings = {
				ALWAYS_EMBED_SWIFT_STANDARD_LIBRARIES = YES;
				CODE_SIGN_STYLE = Automatic;
				CURRENT_PROJECT_VERSION = 1;
				GENERATE_INFOPLIST_FILE = YES;
				MARKETING_VERSION = 1.0;
				PRODUCT_BUNDLE_IDENTIFIER = Mobdev.pruebaSDUIUITests;
				PRODUCT_NAME = "$(TARGET_NAME)";
				SWIFT_EMIT_LOC_STRINGS = NO;
				SWIFT_VERSION = 5.0;
				TARGETED_DEVICE_FAMILY = "1,2";
				TEST_TARGET_NAME = pruebaSDUI;
			};
			name = Debug;
		};
		22586A7728F0A0D20053D1BD /* Release */ = {
			isa = XCBuildConfiguration;
			buildSettings = {
				ALWAYS_EMBED_SWIFT_STANDARD_LIBRARIES = YES;
				CODE_SIGN_STYLE = Automatic;
				CURRENT_PROJECT_VERSION = 1;
				GENERATE_INFOPLIST_FILE = YES;
				MARKETING_VERSION = 1.0;
				PRODUCT_BUNDLE_IDENTIFIER = Mobdev.pruebaSDUIUITests;
				PRODUCT_NAME = "$(TARGET_NAME)";
				SWIFT_EMIT_LOC_STRINGS = NO;
				SWIFT_VERSION = 5.0;
				TARGETED_DEVICE_FAMILY = "1,2";
				TEST_TARGET_NAME = pruebaSDUI;
			};
			name = Release;
		};
/* End XCBuildConfiguration section */

/* Begin XCConfigurationList section */
		22586A4028F0A0CF0053D1BD /* Build configuration list for PBXProject "pruebaSDUI" */ = {
			isa = XCConfigurationList;
			buildConfigurations = (
				22586A6D28F0A0D20053D1BD /* Debug */,
				22586A6E28F0A0D20053D1BD /* Release */,
			);
			defaultConfigurationIsVisible = 0;
			defaultConfigurationName = Release;
		};
		22586A6F28F0A0D20053D1BD /* Build configuration list for PBXNativeTarget "pruebaSDUI" */ = {
			isa = XCConfigurationList;
			buildConfigurations = (
				22586A7028F0A0D20053D1BD /* Debug */,
				22586A7128F0A0D20053D1BD /* Release */,
			);
			defaultConfigurationIsVisible = 0;
			defaultConfigurationName = Release;
		};
		22586A7228F0A0D20053D1BD /* Build configuration list for PBXNativeTarget "pruebaSDUITests" */ = {
			isa = XCConfigurationList;
			buildConfigurations = (
				22586A7328F0A0D20053D1BD /* Debug */,
				22586A7428F0A0D20053D1BD /* Release */,
			);
			defaultConfigurationIsVisible = 0;
			defaultConfigurationName = Release;
		};
		22586A7528F0A0D20053D1BD /* Build configuration list for PBXNativeTarget "pruebaSDUIUITests" */ = {
			isa = XCConfigurationList;
			buildConfigurations = (
				22586A7628F0A0D20053D1BD /* Debug */,
				22586A7728F0A0D20053D1BD /* Release */,
			);
			defaultConfigurationIsVisible = 0;
			defaultConfigurationName = Release;
		};
/* End XCConfigurationList section */
	};
	rootObject = 22586A3D28F0A0CF0053D1BD /* Project object */;
}
